{
    "name": "koge",
    "lockfileVersion": 2,
    "requires": true,
    "packages": {
        "": {
            "workspaces": [
                "./packages/*"
            ]
        },
        "node_modules/@koge/babel": {
            "resolved": "packages/babel",
            "link": true
        },
        "node_modules/@koge/koge": {
            "resolved": "packages/koge",
            "link": true
        },
        "packages/babel": {
            "version": "0.0.1",
            "license": "MIT"
        },
        "packages/koge": {
            "version": "0.0.1",
            "license": "MIT"
        }
    },
    "dependencies": {
        "@koge/babel": {
            "version": "file:packages/babel"
        },
        "@koge/koge": {
            "version": "file:packages/koge"
        }
    }
}
